
Microsoft Visual Studio Solution File, Format Version 12.00
# Visual Studio Version 17
VisualStudioVersion = 17.5.33516.290
MinimumVisualStudioVersion = 10.0.40219.1
Project("{FAE04EC0-301F-11D3-BF4B-00C04F79EFBC}") = "HW9", "HW9\HW9.csproj", "{21CB010E-ACEC-4D52-BABC-B6FBE5E8E08E}"
EndProject
Global
	GlobalSection(SolutionConfigurationPlatforms) = preSolution
		Debug|Any CPU = Debug|Any CPU
		Release|Any CPU = Release|Any CPU
	EndGlobalSection
	GlobalSection(ProjectConfigurationPlatforms) = postSolution
		{21CB010E-ACEC-4D52-BABC-B6FBE5E8E08E}.Debug|Any CPU.ActiveCfg = Debug|Any CPU
		{21CB010E-ACEC-4D52-BABC-B6FBE5E8E08E}.Debug|Any CPU.Build.0 = Debug|Any CPU
		{21CB010E-ACEC-4D52-BABC-B6FBE5E8E08E}.Release|Any CPU.ActiveCfg = Release|Any CPU
		{21CB010E-ACEC-4D52-BABC-B6FBE5E8E08E}.Release|Any CPU.Build.0 = Release|Any CPU
	EndGlobalSection
	GlobalSection(SolutionProperties) = preSolution
		HideSolutionNode = FALSE
	EndGlobalSection
	GlobalSection(ExtensibilityGlobals) = postSolution
		SolutionGuid = {2CB66403-7653-47AD-8A8C-32181078A98B}
	EndGlobalSection
EndGlobal
